
Microsoft Visual Studio Solution File, Format Version 12.00
# Visual Studio Version 16
VisualStudioVersion = 16.0.31019.35
MinimumVisualStudioVersion = 10.0.40219.1
Project("{FAE04EC0-301F-11D3-BF4B-00C04F79EFBC}") = "SvgMediaType.Package", "SvgMediaType.Package\SvgMediaType.Package.csproj", "{39766B86-C527-4528-841B-5D00061966E4}"
EndProject
Project("{FAE04EC0-301F-11D3-BF4B-00C04F79EFBC}") = "SvgMediaType", "SvgMediaType\SvgMediaType.csproj", "{C2EA49D5-B763-436A-BE92-2F39C1773FE0}"
EndProject
Global
	GlobalSection(SolutionConfigurationPlatforms) = preSolution
		Debug|Any CPU = Debug|Any CPU
		Release|Any CPU = Release|Any CPU
	EndGlobalSection
	GlobalSection(ProjectConfigurationPlatforms) = postSolution
		{39766B86-C527-4528-841B-5D00061966E4}.Debug|Any CPU.ActiveCfg = Debug|Any CPU
		{39766B86-C527-4528-841B-5D00061966E4}.Debug|Any CPU.Build.0 = Debug|Any CPU
		{39766B86-C527-4528-841B-5D00061966E4}.Release|Any CPU.ActiveCfg = Release|Any CPU
		{39766B86-C527-4528-841B-5D00061966E4}.Release|Any CPU.Build.0 = Release|Any CPU
		{C2EA49D5-B763-436A-BE92-2F39C1773FE0}.Debug|Any CPU.ActiveCfg = Debug|Any CPU
		{C2EA49D5-B763-436A-BE92-2F39C1773FE0}.Debug|Any CPU.Build.0 = Debug|Any CPU
		{C2EA49D5-B763-436A-BE92-2F39C1773FE0}.Release|Any CPU.ActiveCfg = Release|Any CPU
		{C2EA49D5-B763-436A-BE92-2F39C1773FE0}.Release|Any CPU.Build.0 = Release|Any CPU
	EndGlobalSection
	GlobalSection(SolutionProperties) = preSolution
		HideSolutionNode = FALSE
	EndGlobalSection
	GlobalSection(ExtensibilityGlobals) = postSolution
		SolutionGuid = {3E033AC8-6CD5-43B5-9552-F42C77CC7103}
	EndGlobalSection
EndGlobal
